
Microsoft Visual Studio Solution File, Format Version 12.00
# Visual Studio Version 17
VisualStudioVersion = 17.9.34902.65
MinimumVisualStudioVersion = 10.0.40219.1
Project("{2150E333-8FDC-42A3-9474-1A3956D46DE8}") = "Easy", "Easy", "{4FB92183-185B-4E3F-9BD1-6429A5F07F21}"
EndProject
Project("{9A19103F-16F7-4668-BE54-9A1E7A4F7556}") = "TwoSum", "TwoSum\TwoSum.csproj", "{03EB3D1D-13A5-4DBB-9455-29B55988279B}"
EndProject
Project("{2150E333-8FDC-42A3-9474-1A3956D46DE8}") = "TwoSumChallenge", "TwoSumChallenge", "{D672BF82-67E7-41A9-8425-69D9C1694A3A}"
EndProject
Project("{2150E333-8FDC-42A3-9474-1A3956D46DE8}") = "PalindromeNumberChallenge", "PalindromeNumberChallenge", "{BC845F96-9B61-4107-BCE2-54754C5F8AAB}"
EndProject
Project("{FAE04EC0-301F-11D3-BF4B-00C04F79EFBC}") = "PalindromeNum", "PalindromeNum\PalindromeNum.csproj", "{00412E70-54E2-4ACF-A31E-644617C2DCCD}"
EndProject
Global
	GlobalSection(SolutionConfigurationPlatforms) = preSolution
		Debug|Any CPU = Debug|Any CPU
		Release|Any CPU = Release|Any CPU
	EndGlobalSection
	GlobalSection(ProjectConfigurationPlatforms) = postSolution
		{03EB3D1D-13A5-4DBB-9455-29B55988279B}.Debug|Any CPU.ActiveCfg = Debug|Any CPU
		{03EB3D1D-13A5-4DBB-9455-29B55988279B}.Debug|Any CPU.Build.0 = Debug|Any CPU
		{03EB3D1D-13A5-4DBB-9455-29B55988279B}.Release|Any CPU.ActiveCfg = Release|Any CPU
		{03EB3D1D-13A5-4DBB-9455-29B55988279B}.Release|Any CPU.Build.0 = Release|Any CPU
		{00412E70-54E2-4ACF-A31E-644617C2DCCD}.Debug|Any CPU.ActiveCfg = Debug|Any CPU
		{00412E70-54E2-4ACF-A31E-644617C2DCCD}.Debug|Any CPU.Build.0 = Debug|Any CPU
		{00412E70-54E2-4ACF-A31E-644617C2DCCD}.Release|Any CPU.ActiveCfg = Release|Any CPU
		{00412E70-54E2-4ACF-A31E-644617C2DCCD}.Release|Any CPU.Build.0 = Release|Any CPU
	EndGlobalSection
	GlobalSection(SolutionProperties) = preSolution
		HideSolutionNode = FALSE
	EndGlobalSection
	GlobalSection(NestedProjects) = preSolution
		{03EB3D1D-13A5-4DBB-9455-29B55988279B} = {D672BF82-67E7-41A9-8425-69D9C1694A3A}
		{D672BF82-67E7-41A9-8425-69D9C1694A3A} = {4FB92183-185B-4E3F-9BD1-6429A5F07F21}
		{BC845F96-9B61-4107-BCE2-54754C5F8AAB} = {4FB92183-185B-4E3F-9BD1-6429A5F07F21}
		{00412E70-54E2-4ACF-A31E-644617C2DCCD} = {BC845F96-9B61-4107-BCE2-54754C5F8AAB}
	EndGlobalSection
	GlobalSection(ExtensibilityGlobals) = postSolution
		SolutionGuid = {8E1819A1-42C2-4CB6-B3A8-9DDAFEB7954E}
	EndGlobalSection
EndGlobal
