
Microsoft Visual Studio Solution File, Format Version 12.00
# Visual Studio Version 17
VisualStudioVersion = 17.9.34902.65
MinimumVisualStudioVersion = 10.0.40219.1
Project("{2150E333-8FDC-42A3-9474-1A3956D46DE8}") = "Easy", "Easy", "{4FB92183-185B-4E3F-9BD1-6429A5F07F21}"
EndProject
Project("{9A19103F-16F7-4668-BE54-9A1E7A4F7556}") = "TwoSum", "TwoSum\TwoSum.csproj", "{03EB3D1D-13A5-4DBB-9455-29B55988279B}"
EndProject
Project("{2150E333-8FDC-42A3-9474-1A3956D46DE8}") = "TwoSumChallenge", "TwoSumChallenge", "{D672BF82-67E7-41A9-8425-69D9C1694A3A}"
EndProject
Project("{2150E333-8FDC-42A3-9474-1A3956D46DE8}") = "PalindromeNumberChallenge", "PalindromeNumberChallenge", "{BC845F96-9B61-4107-BCE2-54754C5F8AAB}"
EndProject
Project("{9A19103F-16F7-4668-BE54-9A1E7A4F7556}") = "PalindromeNum", "PalindromeNum\PalindromeNum.csproj", "{00412E70-54E2-4ACF-A31E-644617C2DCCD}"
EndProject
Project("{2150E333-8FDC-42A3-9474-1A3956D46DE8}") = "ValidParenthesesChallenge", "ValidParenthesesChallenge", "{E6DB234F-F5F3-4FE2-B3BB-499D0B6EE628}"
EndProject
Project("{9A19103F-16F7-4668-BE54-9A1E7A4F7556}") = "ValidParentheses", "ValidParentheses\ValidParentheses.csproj", "{F077A4FA-BEA5-49D0-9248-CB38448A0D4A}"
EndProject
Project("{9A19103F-16F7-4668-BE54-9A1E7A4F7556}") = "BubbleSort", "BubbleSort\BubbleSort.csproj", "{A02A2AAA-722A-4A1C-8B5A-FA90BCC96F51}"
EndProject
Project("{2150E333-8FDC-42A3-9474-1A3956D46DE8}") = "BubbleSortAlgorithm", "BubbleSortAlgorithm", "{02EA681E-C7D8-13C7-8484-4AC65E1B71E8}"
EndProject
Project("{2150E333-8FDC-42A3-9474-1A3956D46DE8}") = "MaxCountChallenge", "MaxCountChallenge", "{42623A5C-3E56-489D-B05A-0C13666660FF}"
EndProject
Project("{9A19103F-16F7-4668-BE54-9A1E7A4F7556}") = "MaxCount", "MaxCountChallenge\MaxCount.csproj", "{A31DBE45-0F1E-4A73-A768-6224B7E5CAB2}"
EndProject
Project("{2150E333-8FDC-42A3-9474-1A3956D46DE8}") = "IsAnagramChallenge", "IsAnagramChallenge", "{F91EB2B0-7F3F-4C6C-9D20-4E43052AEFEB}"
EndProject
Project("{9A19103F-16F7-4668-BE54-9A1E7A4F7556}") = "IsAnagram", "IsAnagram\IsAnagram.csproj", "{E1F2F990-8ED4-440A-BE53-41CE786CA44E}"
EndProject
Project("{2150E333-8FDC-42A3-9474-1A3956D46DE8}") = "ContainsDuplicateChallenge", "ContainsDuplicateChallenge", "{428B4B51-C435-4BF7-9B61-CE0AE08920DA}"
EndProject
Project("{FAE04EC0-301F-11D3-BF4B-00C04F79EFBC}") = "ContainsDuplicate", "ContainsDuplicate\ContainsDuplicate.csproj", "{F49ECF3E-944A-48AF-AD9B-82BAEEDF5A8D}"
EndProject
Global
	GlobalSection(SolutionConfigurationPlatforms) = preSolution
		Debug|Any CPU = Debug|Any CPU
		Release|Any CPU = Release|Any CPU
	EndGlobalSection
	GlobalSection(ProjectConfigurationPlatforms) = postSolution
		{03EB3D1D-13A5-4DBB-9455-29B55988279B}.Debug|Any CPU.ActiveCfg = Debug|Any CPU
		{03EB3D1D-13A5-4DBB-9455-29B55988279B}.Debug|Any CPU.Build.0 = Debug|Any CPU
		{03EB3D1D-13A5-4DBB-9455-29B55988279B}.Release|Any CPU.ActiveCfg = Release|Any CPU
		{03EB3D1D-13A5-4DBB-9455-29B55988279B}.Release|Any CPU.Build.0 = Release|Any CPU
		{00412E70-54E2-4ACF-A31E-644617C2DCCD}.Debug|Any CPU.ActiveCfg = Debug|Any CPU
		{00412E70-54E2-4ACF-A31E-644617C2DCCD}.Debug|Any CPU.Build.0 = Debug|Any CPU
		{00412E70-54E2-4ACF-A31E-644617C2DCCD}.Release|Any CPU.ActiveCfg = Release|Any CPU
		{00412E70-54E2-4ACF-A31E-644617C2DCCD}.Release|Any CPU.Build.0 = Release|Any CPU
		{F077A4FA-BEA5-49D0-9248-CB38448A0D4A}.Debug|Any CPU.ActiveCfg = Debug|Any CPU
		{F077A4FA-BEA5-49D0-9248-CB38448A0D4A}.Debug|Any CPU.Build.0 = Debug|Any CPU
		{F077A4FA-BEA5-49D0-9248-CB38448A0D4A}.Release|Any CPU.ActiveCfg = Release|Any CPU
		{F077A4FA-BEA5-49D0-9248-CB38448A0D4A}.Release|Any CPU.Build.0 = Release|Any CPU
		{A02A2AAA-722A-4A1C-8B5A-FA90BCC96F51}.Debug|Any CPU.ActiveCfg = Debug|Any CPU
		{A02A2AAA-722A-4A1C-8B5A-FA90BCC96F51}.Debug|Any CPU.Build.0 = Debug|Any CPU
		{A02A2AAA-722A-4A1C-8B5A-FA90BCC96F51}.Release|Any CPU.ActiveCfg = Release|Any CPU
		{A02A2AAA-722A-4A1C-8B5A-FA90BCC96F51}.Release|Any CPU.Build.0 = Release|Any CPU
		{A31DBE45-0F1E-4A73-A768-6224B7E5CAB2}.Debug|Any CPU.ActiveCfg = Debug|Any CPU
		{A31DBE45-0F1E-4A73-A768-6224B7E5CAB2}.Debug|Any CPU.Build.0 = Debug|Any CPU
		{A31DBE45-0F1E-4A73-A768-6224B7E5CAB2}.Release|Any CPU.ActiveCfg = Release|Any CPU
		{A31DBE45-0F1E-4A73-A768-6224B7E5CAB2}.Release|Any CPU.Build.0 = Release|Any CPU
		{E1F2F990-8ED4-440A-BE53-41CE786CA44E}.Debug|Any CPU.ActiveCfg = Debug|Any CPU
		{E1F2F990-8ED4-440A-BE53-41CE786CA44E}.Debug|Any CPU.Build.0 = Debug|Any CPU
		{E1F2F990-8ED4-440A-BE53-41CE786CA44E}.Release|Any CPU.ActiveCfg = Release|Any CPU
		{E1F2F990-8ED4-440A-BE53-41CE786CA44E}.Release|Any CPU.Build.0 = Release|Any CPU
		{F49ECF3E-944A-48AF-AD9B-82BAEEDF5A8D}.Debug|Any CPU.ActiveCfg = Debug|Any CPU
		{F49ECF3E-944A-48AF-AD9B-82BAEEDF5A8D}.Debug|Any CPU.Build.0 = Debug|Any CPU
		{F49ECF3E-944A-48AF-AD9B-82BAEEDF5A8D}.Release|Any CPU.ActiveCfg = Release|Any CPU
		{F49ECF3E-944A-48AF-AD9B-82BAEEDF5A8D}.Release|Any CPU.Build.0 = Release|Any CPU
	EndGlobalSection
	GlobalSection(SolutionProperties) = preSolution
		HideSolutionNode = FALSE
	EndGlobalSection
	GlobalSection(NestedProjects) = preSolution
		{03EB3D1D-13A5-4DBB-9455-29B55988279B} = {D672BF82-67E7-41A9-8425-69D9C1694A3A}
		{D672BF82-67E7-41A9-8425-69D9C1694A3A} = {4FB92183-185B-4E3F-9BD1-6429A5F07F21}
		{BC845F96-9B61-4107-BCE2-54754C5F8AAB} = {4FB92183-185B-4E3F-9BD1-6429A5F07F21}
		{00412E70-54E2-4ACF-A31E-644617C2DCCD} = {BC845F96-9B61-4107-BCE2-54754C5F8AAB}
		{E6DB234F-F5F3-4FE2-B3BB-499D0B6EE628} = {4FB92183-185B-4E3F-9BD1-6429A5F07F21}
		{F077A4FA-BEA5-49D0-9248-CB38448A0D4A} = {E6DB234F-F5F3-4FE2-B3BB-499D0B6EE628}
		{A02A2AAA-722A-4A1C-8B5A-FA90BCC96F51} = {02EA681E-C7D8-13C7-8484-4AC65E1B71E8}
		{02EA681E-C7D8-13C7-8484-4AC65E1B71E8} = {4FB92183-185B-4E3F-9BD1-6429A5F07F21}
		{42623A5C-3E56-489D-B05A-0C13666660FF} = {4FB92183-185B-4E3F-9BD1-6429A5F07F21}
		{A31DBE45-0F1E-4A73-A768-6224B7E5CAB2} = {42623A5C-3E56-489D-B05A-0C13666660FF}
		{F91EB2B0-7F3F-4C6C-9D20-4E43052AEFEB} = {4FB92183-185B-4E3F-9BD1-6429A5F07F21}
		{E1F2F990-8ED4-440A-BE53-41CE786CA44E} = {F91EB2B0-7F3F-4C6C-9D20-4E43052AEFEB}
		{428B4B51-C435-4BF7-9B61-CE0AE08920DA} = {4FB92183-185B-4E3F-9BD1-6429A5F07F21}
		{F49ECF3E-944A-48AF-AD9B-82BAEEDF5A8D} = {428B4B51-C435-4BF7-9B61-CE0AE08920DA}
	EndGlobalSection
	GlobalSection(ExtensibilityGlobals) = postSolution
		SolutionGuid = {8E1819A1-42C2-4CB6-B3A8-9DDAFEB7954E}
	EndGlobalSection
EndGlobal
